
Microsoft Visual Studio Solution File, Format Version 12.00
# Visual Studio 15
VisualStudioVersion = 15.0.27428.1
MinimumVisualStudioVersion = 10.0.40219.1
Project("{FAE04EC0-301F-11D3-BF4B-00C04F79EFBC}") = "Class.Domain", "Class.Domain\Class.Domain.csproj", "{1565BBC4-005C-4E83-893E-4D761A824C62}"
EndProject
Project("{FAE04EC0-301F-11D3-BF4B-00C04F79EFBC}") = "ClassDomainModel", "Class.Domain.Model\ClassDomainModel.csproj", "{9E596099-2053-4E5D-9212-9331979694EB}"
EndProject
Project("{FAE04EC0-301F-11D3-BF4B-00C04F79EFBC}") = "ConsoleApplication", "ConsoleApplication\ConsoleApplication.csproj", "{F1D05785-7851-4E45-ACE1-980994F9597B}"
EndProject
Global
	GlobalSection(SolutionConfigurationPlatforms) = preSolution
		Debug|Any CPU = Debug|Any CPU
		Release|Any CPU = Release|Any CPU
	EndGlobalSection
	GlobalSection(ProjectConfigurationPlatforms) = postSolution
		{1565BBC4-005C-4E83-893E-4D761A824C62}.Debug|Any CPU.ActiveCfg = Debug|Any CPU
		{1565BBC4-005C-4E83-893E-4D761A824C62}.Debug|Any CPU.Build.0 = Debug|Any CPU
		{1565BBC4-005C-4E83-893E-4D761A824C62}.Release|Any CPU.ActiveCfg = Release|Any CPU
		{1565BBC4-005C-4E83-893E-4D761A824C62}.Release|Any CPU.Build.0 = Release|Any CPU
		{9E596099-2053-4E5D-9212-9331979694EB}.Debug|Any CPU.ActiveCfg = Debug|Any CPU
		{9E596099-2053-4E5D-9212-9331979694EB}.Debug|Any CPU.Build.0 = Debug|Any CPU
		{9E596099-2053-4E5D-9212-9331979694EB}.Release|Any CPU.ActiveCfg = Release|Any CPU
		{9E596099-2053-4E5D-9212-9331979694EB}.Release|Any CPU.Build.0 = Release|Any CPU
		{F1D05785-7851-4E45-ACE1-980994F9597B}.Debug|Any CPU.ActiveCfg = Debug|Any CPU
		{F1D05785-7851-4E45-ACE1-980994F9597B}.Debug|Any CPU.Build.0 = Debug|Any CPU
		{F1D05785-7851-4E45-ACE1-980994F9597B}.Release|Any CPU.ActiveCfg = Release|Any CPU
		{F1D05785-7851-4E45-ACE1-980994F9597B}.Release|Any CPU.Build.0 = Release|Any CPU
	EndGlobalSection
	GlobalSection(SolutionProperties) = preSolution
		HideSolutionNode = FALSE
	EndGlobalSection
	GlobalSection(ExtensibilityGlobals) = postSolution
		SolutionGuid = {DED823FE-1855-439F-BCC8-0236B27803C8}
	EndGlobalSection
EndGlobal
